
Microsoft Visual Studio Solution File, Format Version 12.00
# Visual Studio 15
VisualStudioVersion = 15.0.28010.2048
MinimumVisualStudioVersion = 10.0.40219.1
Project("{00D1A9C2-B5F0-4AF3-8072-F6C62B433612}") = "DatabaseHomework", "DatabaseHomework\DatabaseHomework.sqlproj", "{83C817DC-055E-48D5-8D6B-297E3596529A}"
EndProject
Global
	GlobalSection(SolutionConfigurationPlatforms) = preSolution
		Debug|Any CPU = Debug|Any CPU
		Release|Any CPU = Release|Any CPU
	EndGlobalSection
	GlobalSection(ProjectConfigurationPlatforms) = postSolution
		{83C817DC-055E-48D5-8D6B-297E3596529A}.Debug|Any CPU.ActiveCfg = Debug|Any CPU
		{83C817DC-055E-48D5-8D6B-297E3596529A}.Debug|Any CPU.Build.0 = Debug|Any CPU
		{83C817DC-055E-48D5-8D6B-297E3596529A}.Debug|Any CPU.Deploy.0 = Debug|Any CPU
		{83C817DC-055E-48D5-8D6B-297E3596529A}.Release|Any CPU.ActiveCfg = Release|Any CPU
		{83C817DC-055E-48D5-8D6B-297E3596529A}.Release|Any CPU.Build.0 = Release|Any CPU
		{83C817DC-055E-48D5-8D6B-297E3596529A}.Release|Any CPU.Deploy.0 = Release|Any CPU
	EndGlobalSection
	GlobalSection(SolutionProperties) = preSolution
		HideSolutionNode = FALSE
	EndGlobalSection
	GlobalSection(ExtensibilityGlobals) = postSolution
		SolutionGuid = {F20EF9F8-C532-488A-AB2A-A53AA0DF8AF5}
	EndGlobalSection
EndGlobal
